
Microsoft Visual Studio Solution File, Format Version 12.00
# Visual Studio Version 17
VisualStudioVersion = 17.2.32526.322
MinimumVisualStudioVersion = 10.0.40219.1
Project("{9A19103F-16F7-4668-BE54-9A1E7A4F7556}") = "RomanToDecimal", "RomanToDecimal.csproj", "{21EE81B6-E676-4595-874A-87C58D354E6C}"
EndProject
Global
	GlobalSection(SolutionConfigurationPlatforms) = preSolution
		Debug|Any CPU = Debug|Any CPU
		Release|Any CPU = Release|Any CPU
	EndGlobalSection
	GlobalSection(ProjectConfigurationPlatforms) = postSolution
		{21EE81B6-E676-4595-874A-87C58D354E6C}.Debug|Any CPU.ActiveCfg = Debug|Any CPU
		{21EE81B6-E676-4595-874A-87C58D354E6C}.Debug|Any CPU.Build.0 = Debug|Any CPU
		{21EE81B6-E676-4595-874A-87C58D354E6C}.Release|Any CPU.ActiveCfg = Release|Any CPU
		{21EE81B6-E676-4595-874A-87C58D354E6C}.Release|Any CPU.Build.0 = Release|Any CPU
	EndGlobalSection
	GlobalSection(SolutionProperties) = preSolution
		HideSolutionNode = FALSE
	EndGlobalSection
	GlobalSection(ExtensibilityGlobals) = postSolution
		SolutionGuid = {B49AF990-CE0F-41B9-AC2E-12618E894AE5}
	EndGlobalSection
EndGlobal
